
Microsoft Visual Studio Solution File, Format Version 12.00
# Visual Studio Version 17
VisualStudioVersion = 17.14.36408.4 d17.14
MinimumVisualStudioVersion = 10.0.40219.1
Project("{FAE04EC0-301F-11D3-BF4B-00C04F79EFBC}") = "Demo_ANM", "Demo_ANM.csproj", "{8DB6E0E0-AACF-4724-A31F-52DEFC59F866}"
EndProject
Global
	GlobalSection(SolutionConfigurationPlatforms) = preSolution
		Debug|Any CPU = Debug|Any CPU
		Release|Any CPU = Release|Any CPU
	EndGlobalSection
	GlobalSection(ProjectConfigurationPlatforms) = postSolution
		{8DB6E0E0-AACF-4724-A31F-52DEFC59F866}.Debug|Any CPU.ActiveCfg = Debug|Any CPU
		{8DB6E0E0-AACF-4724-A31F-52DEFC59F866}.Debug|Any CPU.Build.0 = Debug|Any CPU
		{8DB6E0E0-AACF-4724-A31F-52DEFC59F866}.Release|Any CPU.ActiveCfg = Release|Any CPU
		{8DB6E0E0-AACF-4724-A31F-52DEFC59F866}.Release|Any CPU.Build.0 = Release|Any CPU
	EndGlobalSection
	GlobalSection(SolutionProperties) = preSolution
		HideSolutionNode = FALSE
	EndGlobalSection
	GlobalSection(ExtensibilityGlobals) = postSolution
		SolutionGuid = {5E36B9F7-5E47-44F6-9FB0-BA3CE00EBBDC}
	EndGlobalSection
EndGlobal
